
Microsoft Visual Studio Solution File, Format Version 12.00
# Visual Studio Version 16
VisualStudioVersion = 16.0.29613.14
MinimumVisualStudioVersion = 10.0.40219.1
Project("{FAE04EC0-301F-11D3-BF4B-00C04F79EFBC}") = "SMSEntityFramework", "SMSEntityFramework\SMSEntityFramework.csproj", "{FDE92490-0DA8-4F88-ABAD-A0D9F6E440D7}"
EndProject
Global
	GlobalSection(SolutionConfigurationPlatforms) = preSolution
		Debug|Any CPU = Debug|Any CPU
		Release|Any CPU = Release|Any CPU
	EndGlobalSection
	GlobalSection(ProjectConfigurationPlatforms) = postSolution
		{FDE92490-0DA8-4F88-ABAD-A0D9F6E440D7}.Debug|Any CPU.ActiveCfg = Debug|Any CPU
		{FDE92490-0DA8-4F88-ABAD-A0D9F6E440D7}.Debug|Any CPU.Build.0 = Debug|Any CPU
		{FDE92490-0DA8-4F88-ABAD-A0D9F6E440D7}.Release|Any CPU.ActiveCfg = Release|Any CPU
		{FDE92490-0DA8-4F88-ABAD-A0D9F6E440D7}.Release|Any CPU.Build.0 = Release|Any CPU
	EndGlobalSection
	GlobalSection(SolutionProperties) = preSolution
		HideSolutionNode = FALSE
	EndGlobalSection
	GlobalSection(ExtensibilityGlobals) = postSolution
		SolutionGuid = {D1D3697F-7548-4522-AD51-3B451542B6B4}
	EndGlobalSection
EndGlobal
